
Microsoft Visual Studio Solution File, Format Version 12.00
# Visual Studio Version 16
VisualStudioVersion = 16.0.31605.320
MinimumVisualStudioVersion = 10.0.40219.1
Project("{FAE04EC0-301F-11D3-BF4B-00C04F79EFBC}") = "Cursovaya", "Cursovaya\Cursovaya.csproj", "{EE468736-13A3-4FA9-B2F8-46DB2D67D1C1}"
EndProject
Global
	GlobalSection(SolutionConfigurationPlatforms) = preSolution
		Debug|Any CPU = Debug|Any CPU
		Release|Any CPU = Release|Any CPU
	EndGlobalSection
	GlobalSection(ProjectConfigurationPlatforms) = postSolution
		{EE468736-13A3-4FA9-B2F8-46DB2D67D1C1}.Debug|Any CPU.ActiveCfg = Debug|Any CPU
		{EE468736-13A3-4FA9-B2F8-46DB2D67D1C1}.Debug|Any CPU.Build.0 = Debug|Any CPU
		{EE468736-13A3-4FA9-B2F8-46DB2D67D1C1}.Release|Any CPU.ActiveCfg = Release|Any CPU
		{EE468736-13A3-4FA9-B2F8-46DB2D67D1C1}.Release|Any CPU.Build.0 = Release|Any CPU
	EndGlobalSection
	GlobalSection(SolutionProperties) = preSolution
		HideSolutionNode = FALSE
	EndGlobalSection
	GlobalSection(ExtensibilityGlobals) = postSolution
		SolutionGuid = {A393AD96-9B0C-426F-B149-4AF01B96C898}
	EndGlobalSection
EndGlobal
